// !$*UTF8*$!
{
	archiveVersion = 1;
	classes = {
	};
	objectVersion = 46;
	objects = {

/* Begin PBXBuildFile section */
		011703C118DA9D29001A0D8B /* LightWeightPlist+HandleCache.m in Sources */ = {isa = PBXBuildFile; fileRef = 011703C018DA9D29001A0D8B /* LightWeightPlist+HandleCache.m */; };
		011703C418DA9DBB001A0D8B /* LightWeightPlist+MiscFunctions.m in Sources */ = {isa = PBXBuildFile; fileRef = 011703C318DA9DBB001A0D8B /* LightWeightPlist+MiscFunctions.m */; };
		011703C718DA9F53001A0D8B /* LightWeightPlist+SourceFromDisk.m in Sources */ = {isa = PBXBuildFile; fileRef = 011703C618DA9F53001A0D8B /* LightWeightPlist+SourceFromDisk.m */; };
		014B9F1E18C575D6000F39BB /* Foundation.framework in Frameworks */ = {isa = PBXBuildFile; fileRef = 014B9F1D18C575D6000F39BB /* Foundation.framework */; };
		014B9F2018C575D6000F39BB /* CoreGraphics.framework in Frameworks */ = {isa = PBXBuildFile; fileRef = 014B9F1F18C575D6000F39BB /* CoreGraphics.framework */; };
		014B9F2218C575D6000F39BB /* UIKit.framework in Frameworks */ = {isa = PBXBuildFile; fileRef = 014B9F2118C575D6000F39BB /* UIKit.framework */; };
		014B9F2818C575D6000F39BB /* InfoPlist.strings in Resources */ = {isa = PBXBuildFile; fileRef = 014B9F2618C575D6000F39BB /* InfoPlist.strings */; };
		014B9F2A18C575D6000F39BB /* main.m in Sources */ = {isa = PBXBuildFile; fileRef = 014B9F2918C575D6000F39BB /* main.m */; };
		014B9F2E18C575D6000F39BB /* AppDelegate.m in Sources */ = {isa = PBXBuildFile; fileRef = 014B9F2D18C575D6000F39BB /* AppDelegate.m */; };
		014B9F3618C575D6000F39BB /* Images.xcassets in Resources */ = {isa = PBXBuildFile; fileRef = 014B9F3518C575D6000F39BB /* Images.xcassets */; };
		014B9F3D18C575D6000F39BB /* XCTest.framework in Frameworks */ = {isa = PBXBuildFile; fileRef = 014B9F3C18C575D6000F39BB /* XCTest.framework */; };
		014B9F3E18C575D6000F39BB /* Foundation.framework in Frameworks */ = {isa = PBXBuildFile; fileRef = 014B9F1D18C575D6000F39BB /* Foundation.framework */; };
		014B9F3F18C575D6000F39BB /* UIKit.framework in Frameworks */ = {isa = PBXBuildFile; fileRef = 014B9F2118C575D6000F39BB /* UIKit.framework */; };
		014B9F4718C575D6000F39BB /* InfoPlist.strings in Resources */ = {isa = PBXBuildFile; fileRef = 014B9F4518C575D6000F39BB /* InfoPlist.strings */; };
		014B9F4918C575D6000F39BB /* LightWeightPlistTests.m in Sources */ = {isa = PBXBuildFile; fileRef = 014B9F4818C575D6000F39BB /* LightWeightPlistTests.m */; };
		014B9F5518C57618000F39BB /* MainViewController.m in Sources */ = {isa = PBXBuildFile; fileRef = 014B9F5318C57618000F39BB /* MainViewController.m */; };
		014B9F5618C57618000F39BB /* MainViewController.xib in Resources */ = {isa = PBXBuildFile; fileRef = 014B9F5418C57618000F39BB /* MainViewController.xib */; };
		014B9F5A18C576FC000F39BB /* LightWeightPlist.m in Sources */ = {isa = PBXBuildFile; fileRef = 014B9F5918C576FC000F39BB /* LightWeightPlist.m */; };
		014B9F5D18C57825000F39BB /* LightWeightPlist+AccessObject.m in Sources */ = {isa = PBXBuildFile; fileRef = 014B9F5C18C57825000F39BB /* LightWeightPlist+AccessObject.m */; };
		014B9F6318C578FC000F39BB /* LightWeightPlist+FilePath.m in Sources */ = {isa = PBXBuildFile; fileRef = 014B9F6218C578FC000F39BB /* LightWeightPlist+FilePath.m */; };
		01E71BE11946FC7E0003F566 /* LightWeightPlistObjects.m in Sources */ = {isa = PBXBuildFile; fileRef = 01E71BE01946FC7E0003F566 /* LightWeightPlistObjects.m */; };
/* End PBXBuildFile section */

/* Begin PBXContainerItemProxy section */
		014B9F4018C575D6000F39BB /* PBXContainerItemProxy */ = {
			isa = PBXContainerItemProxy;
			containerPortal = 014B9F1218C575D6000F39BB /* Project object */;
			proxyType = 1;
			remoteGlobalIDString = 014B9F1918C575D6000F39BB;
			remoteInfo = LightWeightPlist;
		};
/* End PBXContainerItemProxy section */

/* Begin PBXFileReference section */
		011703BF18DA9D29001A0D8B /* LightWeightPlist+HandleCache.h */ = {isa = PBXFileReference; fileEncoding = 4; lastKnownFileType = sourcecode.c.h; name = "LightWeightPlist+HandleCache.h"; path = "LightWeightPlist/LightWeightPlist+HandleCache.h"; sourceTree = "<group>"; };
		011703C018DA9D29001A0D8B /* LightWeightPlist+HandleCache.m */ = {isa = PBXFileReference; fileEncoding = 4; lastKnownFileType = sourcecode.c.objc; name = "LightWeightPlist+HandleCache.m"; path = "LightWeightPlist/LightWeightPlist+HandleCache.m"; sourceTree = "<group>"; };
		011703C218DA9DBB001A0D8B /* LightWeightPlist+MiscFunctions.h */ = {isa = PBXFileReference; fileEncoding = 4; lastKnownFileType = sourcecode.c.h; name = "LightWeightPlist+MiscFunctions.h"; path = "LightWeightPlist/LightWeightPlist+MiscFunctions.h"; sourceTree = "<group>"; };
		011703C318DA9DBB001A0D8B /* LightWeightPlist+MiscFunctions.m */ = {isa = PBXFileReference; fileEncoding = 4; lastKnownFileType = sourcecode.c.objc; name = "LightWeightPlist+MiscFunctions.m"; path = "LightWeightPlist/LightWeightPlist+MiscFunctions.m"; sourceTree = "<group>"; };
		011703C518DA9F53001A0D8B /* LightWeightPlist+SourceFromDisk.h */ = {isa = PBXFileReference; fileEncoding = 4; lastKnownFileType = sourcecode.c.h; name = "LightWeightPlist+SourceFromDisk.h"; path = "LightWeightPlist/LightWeightPlist+SourceFromDisk.h"; sourceTree = "<group>"; };
		011703C618DA9F53001A0D8B /* LightWeightPlist+SourceFromDisk.m */ = {isa = PBXFileReference; fileEncoding = 4; lastKnownFileType = sourcecode.c.objc; name = "LightWeightPlist+SourceFromDisk.m"; path = "LightWeightPlist/LightWeightPlist+SourceFromDisk.m"; sourceTree = "<group>"; };
		014B9F1A18C575D6000F39BB /* LightWeightPlist.app */ = {isa = PBXFileReference; explicitFileType = wrapper.application; includeInIndex = 0; path = LightWeightPlist.app; sourceTree = BUILT_PRODUCTS_DIR; };
		014B9F1D18C575D6000F39BB /* Foundation.framework */ = {isa = PBXFileReference; lastKnownFileType = wrapper.framework; name = Foundation.framework; path = System/Library/Frameworks/Foundation.framework; sourceTree = SDKROOT; };
		014B9F1F18C575D6000F39BB /* CoreGraphics.framework */ = {isa = PBXFileReference; lastKnownFileType = wrapper.framework; name = CoreGraphics.framework; path = System/Library/Frameworks/CoreGraphics.framework; sourceTree = SDKROOT; };
		014B9F2118C575D6000F39BB /* UIKit.framework */ = {isa = PBXFileReference; lastKnownFileType = wrapper.framework; name = UIKit.framework; path = System/Library/Frameworks/UIKit.framework; sourceTree = SDKROOT; };
		014B9F2518C575D6000F39BB /* LightWeightPlist-Info.plist */ = {isa = PBXFileReference; lastKnownFileType = text.plist.xml; path = "LightWeightPlist-Info.plist"; sourceTree = "<group>"; };
		014B9F2718C575D6000F39BB /* en */ = {isa = PBXFileReference; lastKnownFileType = text.plist.strings; name = en; path = en.lproj/InfoPlist.strings; sourceTree = "<group>"; };
		014B9F2918C575D6000F39BB /* main.m */ = {isa = PBXFileReference; lastKnownFileType = sourcecode.c.objc; path = main.m; sourceTree = "<group>"; };
		014B9F2B18C575D6000F39BB /* LightWeightPlist-Prefix.pch */ = {isa = PBXFileReference; lastKnownFileType = sourcecode.c.h; path = "LightWeightPlist-Prefix.pch"; sourceTree = "<group>"; };
		014B9F2C18C575D6000F39BB /* AppDelegate.h */ = {isa = PBXFileReference; lastKnownFileType = sourcecode.c.h; path = AppDelegate.h; sourceTree = "<group>"; };
		014B9F2D18C575D6000F39BB /* AppDelegate.m */ = {isa = PBXFileReference; lastKnownFileType = sourcecode.c.objc; path = AppDelegate.m; sourceTree = "<group>"; };
		014B9F3518C575D6000F39BB /* Images.xcassets */ = {isa = PBXFileReference; lastKnownFileType = folder.assetcatalog; path = Images.xcassets; sourceTree = "<group>"; };
		014B9F3B18C575D6000F39BB /* LightWeightPlistTests.xctest */ = {isa = PBXFileReference; explicitFileType = wrapper.cfbundle; includeInIndex = 0; path = LightWeightPlistTests.xctest; sourceTree = BUILT_PRODUCTS_DIR; };
		014B9F3C18C575D6000F39BB /* XCTest.framework */ = {isa = PBXFileReference; lastKnownFileType = wrapper.framework; name = XCTest.framework; path = Library/Frameworks/XCTest.framework; sourceTree = DEVELOPER_DIR; };
		014B9F4418C575D6000F39BB /* LightWeightPlistTests-Info.plist */ = {isa = PBXFileReference; lastKnownFileType = text.plist.xml; path = "LightWeightPlistTests-Info.plist"; sourceTree = "<group>"; };
		014B9F4618C575D6000F39BB /* en */ = {isa = PBXFileReference; lastKnownFileType = text.plist.strings; name = en; path = en.lproj/InfoPlist.strings; sourceTree = "<group>"; };
		014B9F4818C575D6000F39BB /* LightWeightPlistTests.m */ = {isa = PBXFileReference; lastKnownFileType = sourcecode.c.objc; path = LightWeightPlistTests.m; sourceTree = "<group>"; };
		014B9F5218C57618000F39BB /* MainViewController.h */ = {isa = PBXFileReference; fileEncoding = 4; lastKnownFileType = sourcecode.c.h; path = MainViewController.h; sourceTree = "<group>"; };
		014B9F5318C57618000F39BB /* MainViewController.m */ = {isa = PBXFileReference; fileEncoding = 4; lastKnownFileType = sourcecode.c.objc; path = MainViewController.m; sourceTree = "<group>"; };
		014B9F5418C57618000F39BB /* MainViewController.xib */ = {isa = PBXFileReference; fileEncoding = 4; lastKnownFileType = file.xib; path = MainViewController.xib; sourceTree = "<group>"; };
		014B9F5818C576FC000F39BB /* LightWeightPlist.h */ = {isa = PBXFileReference; fileEncoding = 4; lastKnownFileType = sourcecode.c.h; name = LightWeightPlist.h; path = LightWeightPlist/LightWeightPlist.h; sourceTree = "<group>"; };
		014B9F5918C576FC000F39BB /* LightWeightPlist.m */ = {isa = PBXFileReference; fileEncoding = 4; lastKnownFileType = sourcecode.c.objc; name = LightWeightPlist.m; path = LightWeightPlist/LightWeightPlist.m; sourceTree = "<group>"; };
		014B9F5B18C57825000F39BB /* LightWeightPlist+AccessObject.h */ = {isa = PBXFileReference; fileEncoding = 4; lastKnownFileType = sourcecode.c.h; name = "LightWeightPlist+AccessObject.h"; path = "LightWeightPlist/LightWeightPlist+AccessObject.h"; sourceTree = "<group>"; };
		014B9F5C18C57825000F39BB /* LightWeightPlist+AccessObject.m */ = {isa = PBXFileReference; fileEncoding = 4; lastKnownFileType = sourcecode.c.objc; name = "LightWeightPlist+AccessObject.m"; path = "LightWeightPlist/LightWeightPlist+AccessObject.m"; sourceTree = "<group>"; };
		014B9F6118C578FC000F39BB /* LightWeightPlist+FilePath.h */ = {isa = PBXFileReference; fileEncoding = 4; lastKnownFileType = sourcecode.c.h; name = "LightWeightPlist+FilePath.h"; path = "LightWeightPlist/LightWeightPlist+FilePath.h"; sourceTree = "<group>"; };
		014B9F6218C578FC000F39BB /* LightWeightPlist+FilePath.m */ = {isa = PBXFileReference; fileEncoding = 4; lastKnownFileType = sourcecode.c.objc; name = "LightWeightPlist+FilePath.m"; path = "LightWeightPlist/LightWeightPlist+FilePath.m"; sourceTree = "<group>"; };
		01E71BDF1946FC7E0003F566 /* LightWeightPlistObjects.h */ = {isa = PBXFileReference; fileEncoding = 4; lastKnownFileType = sourcecode.c.h; name = LightWeightPlistObjects.h; path = LightWeightPlist/LightWeightPlistObjects.h; sourceTree = "<group>"; };
		01E71BE01946FC7E0003F566 /* LightWeightPlistObjects.m */ = {isa = PBXFileReference; fileEncoding = 4; lastKnownFileType = sourcecode.c.objc; name = LightWeightPlistObjects.m; path = LightWeightPlist/LightWeightPlistObjects.m; sourceTree = "<group>"; };
/* End PBXFileReference section */

/* Begin PBXFrameworksBuildPhase section */
		014B9F1718C575D6000F39BB /* Frameworks */ = {
			isa = PBXFrameworksBuildPhase;
			buildActionMask = 2147483647;
			files = (
				014B9F2018C575D6000F39BB /* CoreGraphics.framework in Frameworks */,
				014B9F2218C575D6000F39BB /* UIKit.framework in Frameworks */,
				014B9F1E18C575D6000F39BB /* Foundation.framework in Frameworks */,
			);
			runOnlyForDeploymentPostprocessing = 0;
		};
		014B9F3818C575D6000F39BB /* Frameworks */ = {
			isa = PBXFrameworksBuildPhase;
			buildActionMask = 2147483647;
			files = (
				014B9F3D18C575D6000F39BB /* XCTest.framework in Frameworks */,
				014B9F3F18C575D6000F39BB /* UIKit.framework in Frameworks */,
				014B9F3E18C575D6000F39BB /* Foundation.framework in Frameworks */,
			);
			runOnlyForDeploymentPostprocessing = 0;
		};
/* End PBXFrameworksBuildPhase section */

/* Begin PBXGroup section */
		014B9F1118C575D6000F39BB = {
			isa = PBXGroup;
			children = (
				014B9F2318C575D6000F39BB /* LightWeightPlist */,
				014B9F4218C575D6000F39BB /* LightWeightPlistTests */,
				014B9F1C18C575D6000F39BB /* Frameworks */,
				014B9F1B18C575D6000F39BB /* Products */,
			);
			sourceTree = "<group>";
		};
		014B9F1B18C575D6000F39BB /* Products */ = {
			isa = PBXGroup;
			children = (
				014B9F1A18C575D6000F39BB /* LightWeightPlist.app */,
				014B9F3B18C575D6000F39BB /* LightWeightPlistTests.xctest */,
			);
			name = Products;
			sourceTree = "<group>";
		};
		014B9F1C18C575D6000F39BB /* Frameworks */ = {
			isa = PBXGroup;
			children = (
				014B9F1D18C575D6000F39BB /* Foundation.framework */,
				014B9F1F18C575D6000F39BB /* CoreGraphics.framework */,
				014B9F2118C575D6000F39BB /* UIKit.framework */,
				014B9F3C18C575D6000F39BB /* XCTest.framework */,
			);
			name = Frameworks;
			sourceTree = "<group>";
		};
		014B9F2318C575D6000F39BB /* LightWeightPlist */ = {
			isa = PBXGroup;
			children = (
				014B9F5718C576B5000F39BB /* LightWeightPlist */,
				014B9F2C18C575D6000F39BB /* AppDelegate.h */,
				014B9F2D18C575D6000F39BB /* AppDelegate.m */,
				014B9F5218C57618000F39BB /* MainViewController.h */,
				014B9F5318C57618000F39BB /* MainViewController.m */,
				014B9F5418C57618000F39BB /* MainViewController.xib */,
				014B9F3518C575D6000F39BB /* Images.xcassets */,
				014B9F2418C575D6000F39BB /* Supporting Files */,
			);
			path = LightWeightPlist;
			sourceTree = "<group>";
		};
		014B9F2418C575D6000F39BB /* Supporting Files */ = {
			isa = PBXGroup;
			children = (
				014B9F2518C575D6000F39BB /* LightWeightPlist-Info.plist */,
				014B9F2618C575D6000F39BB /* InfoPlist.strings */,
				014B9F2918C575D6000F39BB /* main.m */,
				014B9F2B18C575D6000F39BB /* LightWeightPlist-Prefix.pch */,
			);
			name = "Supporting Files";
			sourceTree = "<group>";
		};
		014B9F4218C575D6000F39BB /* LightWeightPlistTests */ = {
			isa = PBXGroup;
			children = (
				014B9F4818C575D6000F39BB /* LightWeightPlistTests.m */,
				014B9F4318C575D6000F39BB /* Supporting Files */,
			);
			path = LightWeightPlistTests;
			sourceTree = "<group>";
		};
		014B9F4318C575D6000F39BB /* Supporting Files */ = {
			isa = PBXGroup;
			children = (
				014B9F4418C575D6000F39BB /* LightWeightPlistTests-Info.plist */,
				014B9F4518C575D6000F39BB /* InfoPlist.strings */,
			);
			name = "Supporting Files";
			sourceTree = "<group>";
		};
		014B9F5718C576B5000F39BB /* LightWeightPlist */ = {
			isa = PBXGroup;
			children = (
				014B9F5818C576FC000F39BB /* LightWeightPlist.h */,
				014B9F5918C576FC000F39BB /* LightWeightPlist.m */,
				014B9F5B18C57825000F39BB /* LightWeightPlist+AccessObject.h */,
				014B9F5C18C57825000F39BB /* LightWeightPlist+AccessObject.m */,
				01E71BDF1946FC7E0003F566 /* LightWeightPlistObjects.h */,
				01E71BE01946FC7E0003F566 /* LightWeightPlistObjects.m */,
				014B9F6118C578FC000F39BB /* LightWeightPlist+FilePath.h */,
				014B9F6218C578FC000F39BB /* LightWeightPlist+FilePath.m */,
				011703BF18DA9D29001A0D8B /* LightWeightPlist+HandleCache.h */,
				011703C018DA9D29001A0D8B /* LightWeightPlist+HandleCache.m */,
				011703C218DA9DBB001A0D8B /* LightWeightPlist+MiscFunctions.h */,
				011703C318DA9DBB001A0D8B /* LightWeightPlist+MiscFunctions.m */,
				011703C518DA9F53001A0D8B /* LightWeightPlist+SourceFromDisk.h */,
				011703C618DA9F53001A0D8B /* LightWeightPlist+SourceFromDisk.m */,
			);
			name = LightWeightPlist;
			sourceTree = "<group>";
		};
/* End PBXGroup section */

/* Begin PBXNativeTarget section */
		014B9F1918C575D6000F39BB /* LightWeightPlist */ = {
			isa = PBXNativeTarget;
			buildConfigurationList = 014B9F4C18C575D6000F39BB /* Build configuration list for PBXNativeTarget "LightWeightPlist" */;
			buildPhases = (
				014B9F1618C575D6000F39BB /* Sources */,
				014B9F1718C575D6000F39BB /* Frameworks */,
				014B9F1818C575D6000F39BB /* Resources */,
			);
			buildRules = (
			);
			dependencies = (
			);
			name = LightWeightPlist;
			productName = LightWeightPlist;
			productReference = 014B9F1A18C575D6000F39BB /* LightWeightPlist.app */;
			productType = "com.apple.product-type.application";
		};
		014B9F3A18C575D6000F39BB /* LightWeightPlistTests */ = {
			isa = PBXNativeTarget;
			buildConfigurationList = 014B9F4F18C575D6000F39BB /* Build configuration list for PBXNativeTarget "LightWeightPlistTests" */;
			buildPhases = (
				014B9F3718C575D6000F39BB /* Sources */,
				014B9F3818C575D6000F39BB /* Frameworks */,
				014B9F3918C575D6000F39BB /* Resources */,
			);
			buildRules = (
			);
			dependencies = (
				014B9F4118C575D6000F39BB /* PBXTargetDependency */,
			);
			name = LightWeightPlistTests;
			productName = LightWeightPlistTests;
			productReference = 014B9F3B18C575D6000F39BB /* LightWeightPlistTests.xctest */;
			productType = "com.apple.product-type.bundle.unit-test";
		};
/* End PBXNativeTarget section */

/* Begin PBXProject section */
		014B9F1218C575D6000F39BB /* Project object */ = {
			isa = PBXProject;
			attributes = {
				LastUpgradeCheck = 0510;
				ORGANIZATIONNAME = ChilunChen;
				TargetAttributes = {
					014B9F3A18C575D6000F39BB = {
						TestTargetID = 014B9F1918C575D6000F39BB;
					};
				};
			};
			buildConfigurationList = 014B9F1518C575D6000F39BB /* Build configuration list for PBXProject "LightWeightPlist" */;
			compatibilityVersion = "Xcode 3.2";
			developmentRegion = English;
			hasScannedForEncodings = 0;
			knownRegions = (
				en,
				Base,
			);
			mainGroup = 014B9F1118C575D6000F39BB;
			productRefGroup = 014B9F1B18C575D6000F39BB /* Products */;
			projectDirPath = "";
			projectRoot = "";
			targets = (
				014B9F1918C575D6000F39BB /* LightWeightPlist */,
				014B9F3A18C575D6000F39BB /* LightWeightPlistTests */,
			);
		};
/* End PBXProject section */

/* Begin PBXResourcesBuildPhase section */
		014B9F1818C575D6000F39BB /* Resources */ = {
			isa = PBXResourcesBuildPhase;
			buildActionMask = 2147483647;
			files = (
				014B9F3618C575D6000F39BB /* Images.xcassets in Resources */,
				014B9F5618C57618000F39BB /* MainViewController.xib in Resources */,
				014B9F2818C575D6000F39BB /* InfoPlist.strings in Resources */,
			);
			runOnlyForDeploymentPostprocessing = 0;
		};
		014B9F3918C575D6000F39BB /* Resources */ = {
			isa = PBXResourcesBuildPhase;
			buildActionMask = 2147483647;
			files = (
				014B9F4718C575D6000F39BB /* InfoPlist.strings in Resources */,
			);
			runOnlyForDeploymentPostprocessing = 0;
		};
/* End PBXResourcesBuildPhase section */

/* Begin PBXSourcesBuildPhase section */
		014B9F1618C575D6000F39BB /* Sources */ = {
			isa = PBXSourcesBuildPhase;
			buildActionMask = 2147483647;
			files = (
				01E71BE11946FC7E0003F566 /* LightWeightPlistObjects.m in Sources */,
				011703C118DA9D29001A0D8B /* LightWeightPlist+HandleCache.m in Sources */,
				014B9F2E18C575D6000F39BB /* AppDelegate.m in Sources */,
				014B9F5A18C576FC000F39BB /* LightWeightPlist.m in Sources */,
				011703C718DA9F53001A0D8B /* LightWeightPlist+SourceFromDisk.m in Sources */,
				014B9F6318C578FC000F39BB /* LightWeightPlist+FilePath.m in Sources */,
				014B9F5518C57618000F39BB /* MainViewController.m in Sources */,
				014B9F5D18C57825000F39BB /* LightWeightPlist+AccessObject.m in Sources */,
				011703C418DA9DBB001A0D8B /* LightWeightPlist+MiscFunctions.m in Sources */,
				014B9F2A18C575D6000F39BB /* main.m in Sources */,
			);
			runOnlyForDeploymentPostprocessing = 0;
		};
		014B9F3718C575D6000F39BB /* Sources */ = {
			isa = PBXSourcesBuildPhase;
			buildActionMask = 2147483647;
			files = (
				014B9F4918C575D6000F39BB /* LightWeightPlistTests.m in Sources */,
			);
			runOnlyForDeploymentPostprocessing = 0;
		};
/* End PBXSourcesBuildPhase section */

/* Begin PBXTargetDependency section */
		014B9F4118C575D6000F39BB /* PBXTargetDependency */ = {
			isa = PBXTargetDependency;
			target = 014B9F1918C575D6000F39BB /* LightWeightPlist */;
			targetProxy = 014B9F4018C575D6000F39BB /* PBXContainerItemProxy */;
		};
/* End PBXTargetDependency section */

/* Begin PBXVariantGroup section */
		014B9F2618C575D6000F39BB /* InfoPlist.strings */ = {
			isa = PBXVariantGroup;
			children = (
				014B9F2718C575D6000F39BB /* en */,
			);
			name = InfoPlist.strings;
			sourceTree = "<group>";
		};
		014B9F4518C575D6000F39BB /* InfoPlist.strings */ = {
			isa = PBXVariantGroup;
			children = (
				014B9F4618C575D6000F39BB /* en */,
			);
			name = InfoPlist.strings;
			sourceTree = "<group>";
		};
/* End PBXVariantGroup section */

/* Begin XCBuildConfiguration section */
		014B9F4A18C575D6000F39BB /* Debug */ = {
			isa = XCBuildConfiguration;
			buildSettings = {
				ALWAYS_SEARCH_USER_PATHS = NO;
				CLANG_CXX_LANGUAGE_STANDARD = "gnu++0x";
				CLANG_CXX_LIBRARY = "libc++";
				CLANG_ENABLE_MODULES = YES;
				CLANG_ENABLE_OBJC_ARC = YES;
				CLANG_WARN_BOOL_CONVERSION = YES;
				CLANG_WARN_CONSTANT_CONVERSION = YES;
				CLANG_WARN_DIRECT_OBJC_ISA_USAGE = YES_ERROR;
				CLANG_WARN_EMPTY_BODY = YES;
				CLANG_WARN_ENUM_CONVERSION = YES;
				CLANG_WARN_INT_CONVERSION = YES;
				CLANG_WARN_OBJC_ROOT_CLASS = YES_ERROR;
				CLANG_WARN__DUPLICATE_METHOD_MATCH = YES;
				"CODE_SIGN_IDENTITY[sdk=iphoneos*]" = "iPhone Developer";
				COPY_PHASE_STRIP = NO;
				GCC_C_LANGUAGE_STANDARD = gnu99;
				GCC_DYNAMIC_NO_PIC = NO;
				GCC_OPTIMIZATION_LEVEL = 0;
				GCC_PREPROCESSOR_DEFINITIONS = (
					"DEBUG=1",
					"$(inherited)",
				);
				GCC_SYMBOLS_PRIVATE_EXTERN = NO;
				GCC_WARN_64_TO_32_BIT_CONVERSION = YES;
				GCC_WARN_ABOUT_RETURN_TYPE = YES_ERROR;
				GCC_WARN_UNDECLARED_SELECTOR = YES;
				GCC_WARN_UNINITIALIZED_AUTOS = YES;
				GCC_WARN_UNUSED_FUNCTION = YES;
				GCC_WARN_UNUSED_VARIABLE = YES;
				IPHONEOS_DEPLOYMENT_TARGET = 7.0;
				ONLY_ACTIVE_ARCH = YES;
				SDKROOT = iphoneos;
			};
			name = Debug;
		};
		014B9F4B18C575D6000F39BB /* Release */ = {
			isa = XCBuildConfiguration;
			buildSettings = {
				ALWAYS_SEARCH_USER_PATHS = NO;
				CLANG_CXX_LANGUAGE_STANDARD = "gnu++0x";
				CLANG_CXX_LIBRARY = "libc++";
				CLANG_ENABLE_MODULES = YES;
				CLANG_ENABLE_OBJC_ARC = YES;
				CLANG_WARN_BOOL_CONVERSION = YES;
				CLANG_WARN_CONSTANT_CONVERSION = YES;
				CLANG_WARN_DIRECT_OBJC_ISA_USAGE = YES_ERROR;
				CLANG_WARN_EMPTY_BODY = YES;
				CLANG_WARN_ENUM_CONVERSION = YES;
				CLANG_WARN_INT_CONVERSION = YES;
				CLANG_WARN_OBJC_ROOT_CLASS = YES_ERROR;
				CLANG_WARN__DUPLICATE_METHOD_MATCH = YES;
				"CODE_SIGN_IDENTITY[sdk=iphoneos*]" = "iPhone Developer";
				COPY_PHASE_STRIP = YES;
				ENABLE_NS_ASSERTIONS = NO;
				GCC_C_LANGUAGE_STANDARD = gnu99;
				GCC_WARN_64_TO_32_BIT_CONVERSION = YES;
				GCC_WARN_ABOUT_RETURN_TYPE = YES_ERROR;
				GCC_WARN_UNDECLARED_SELECTOR = YES;
				GCC_WARN_UNINITIALIZED_AUTOS = YES;
				GCC_WARN_UNUSED_FUNCTION = YES;
				GCC_WARN_UNUSED_VARIABLE = YES;
				IPHONEOS_DEPLOYMENT_TARGET = 7.0;
				SDKROOT = iphoneos;
				VALIDATE_PRODUCT = YES;
			};
			name = Release;
		};
		014B9F4D18C575D6000F39BB /* Debug */ = {
			isa = XCBuildConfiguration;
			buildSettings = {
				ASSETCATALOG_COMPILER_APPICON_NAME = AppIcon;
				ASSETCATALOG_COMPILER_LAUNCHIMAGE_NAME = LaunchImage;
				GCC_PRECOMPILE_PREFIX_HEADER = YES;
				GCC_PREFIX_HEADER = "LightWeightPlist/LightWeightPlist-Prefix.pch";
				INFOPLIST_FILE = "LightWeightPlist/LightWeightPlist-Info.plist";
				PRODUCT_NAME = "$(TARGET_NAME)";
				WRAPPER_EXTENSION = app;
			};
			name = Debug;
		};
		014B9F4E18C575D6000F39BB /* Release */ = {
			isa = XCBuildConfiguration;
			buildSettings = {
				ASSETCATALOG_COMPILER_APPICON_NAME = AppIcon;
				ASSETCATALOG_COMPILER_LAUNCHIMAGE_NAME = LaunchImage;
				GCC_PRECOMPILE_PREFIX_HEADER = YES;
				GCC_PREFIX_HEADER = "LightWeightPlist/LightWeightPlist-Prefix.pch";
				INFOPLIST_FILE = "LightWeightPlist/LightWeightPlist-Info.plist";
				PRODUCT_NAME = "$(TARGET_NAME)";
				WRAPPER_EXTENSION = app;
			};
			name = Release;
		};
		014B9F5018C575D6000F39BB /* Debug */ = {
			isa = XCBuildConfiguration;
			buildSettings = {
				BUNDLE_LOADER = "$(BUILT_PRODUCTS_DIR)/LightWeightPlist.app/LightWeightPlist";
				FRAMEWORK_SEARCH_PATHS = (
					"$(SDKROOT)/Developer/Library/Frameworks",
					"$(inherited)",
					"$(DEVELOPER_FRAMEWORKS_DIR)",
				);
				GCC_PRECOMPILE_PREFIX_HEADER = YES;
				GCC_PREFIX_HEADER = "LightWeightPlist/LightWeightPlist-Prefix.pch";
				GCC_PREPROCESSOR_DEFINITIONS = (
					"DEBUG=1",
					"$(inherited)",
				);
				INFOPLIST_FILE = "LightWeightPlistTests/LightWeightPlistTests-Info.plist";
				PRODUCT_NAME = "$(TARGET_NAME)";
				TEST_HOST = "$(BUNDLE_LOADER)";
				WRAPPER_EXTENSION = xctest;
			};
			name = Debug;
		};
		014B9F5118C575D6000F39BB /* Release */ = {
			isa = XCBuildConfiguration;
			buildSettings = {
				BUNDLE_LOADER = "$(BUILT_PRODUCTS_DIR)/LightWeightPlist.app/LightWeightPlist";
				FRAMEWORK_SEARCH_PATHS = (
					"$(SDKROOT)/Developer/Library/Frameworks",
					"$(inherited)",
					"$(DEVELOPER_FRAMEWORKS_DIR)",
				);
				GCC_PRECOMPILE_PREFIX_HEADER = YES;
				GCC_PREFIX_HEADER = "LightWeightPlist/LightWeightPlist-Prefix.pch";
				INFOPLIST_FILE = "LightWeightPlistTests/LightWeightPlistTests-Info.plist";
				PRODUCT_NAME = "$(TARGET_NAME)";
				TEST_HOST = "$(BUNDLE_LOADER)";
				WRAPPER_EXTENSION = xctest;
			};
			name = Release;
		};
/* End XCBuildConfiguration section */

/* Begin XCConfigurationList section */
		014B9F1518C575D6000F39BB /* Build configuration list for PBXProject "LightWeightPlist" */ = {
			isa = XCConfigurationList;
			buildConfigurations = (
				014B9F4A18C575D6000F39BB /* Debug */,
				014B9F4B18C575D6000F39BB /* Release */,
			);
			defaultConfigurationIsVisible = 0;
			defaultConfigurationName = Release;
		};
		014B9F4C18C575D6000F39BB /* Build configuration list for PBXNativeTarget "LightWeightPlist" */ = {
			isa = XCConfigurationList;
			buildConfigurations = (
				014B9F4D18C575D6000F39BB /* Debug */,
				014B9F4E18C575D6000F39BB /* Release */,
			);
			defaultConfigurationIsVisible = 0;
			defaultConfigurationName = Release;
		};
		014B9F4F18C575D6000F39BB /* Build configuration list for PBXNativeTarget "LightWeightPlistTests" */ = {
			isa = XCConfigurationList;
			buildConfigurations = (
				014B9F5018C575D6000F39BB /* Debug */,
				014B9F5118C575D6000F39BB /* Release */,
			);
			defaultConfigurationIsVisible = 0;
			defaultConfigurationName = Release;
		};
/* End XCConfigurationList section */
	};
	rootObject = 014B9F1218C575D6000F39BB /* Project object */;
}
